
Microsoft Visual Studio Solution File, Format Version 12.00
# Visual Studio Version 16
VisualStudioVersion = 16.0.30804.86
MinimumVisualStudioVersion = 10.0.40219.1
Project("{FAE04EC0-301F-11D3-BF4B-00C04F79EFBC}") = "10 Dictionary", "10 Dictionary\10 Dictionary.csproj", "{39EFAB9D-511B-4865-BB85-E96463CE7327}"
EndProject
Global
	GlobalSection(SolutionConfigurationPlatforms) = preSolution
		Debug|Any CPU = Debug|Any CPU
		Release|Any CPU = Release|Any CPU
	EndGlobalSection
	GlobalSection(ProjectConfigurationPlatforms) = postSolution
		{39EFAB9D-511B-4865-BB85-E96463CE7327}.Debug|Any CPU.ActiveCfg = Debug|Any CPU
		{39EFAB9D-511B-4865-BB85-E96463CE7327}.Debug|Any CPU.Build.0 = Debug|Any CPU
		{39EFAB9D-511B-4865-BB85-E96463CE7327}.Release|Any CPU.ActiveCfg = Release|Any CPU
		{39EFAB9D-511B-4865-BB85-E96463CE7327}.Release|Any CPU.Build.0 = Release|Any CPU
	EndGlobalSection
	GlobalSection(SolutionProperties) = preSolution
		HideSolutionNode = FALSE
	EndGlobalSection
	GlobalSection(ExtensibilityGlobals) = postSolution
		SolutionGuid = {BFEBC2D1-4BDB-4FEE-8FF1-A98734C431E2}
	EndGlobalSection
EndGlobal
